PODS:
  - DynamicSpriteSheet (0.0.6)
  - Google-API-Client/Common (1.0.422):
    - gtm-http-fetcher (~> 1.0.141)
    - gtm-oauth2 (~> 1.0.125)
  - Google-API-Client/Drive (1.0.422):
    - Google-API-Client/Common
    - gtm-http-fetcher (~> 1.0.141)
    - gtm-oauth2 (~> 1.0.125)
  - gtm-http-fetcher (1.0.141)
  - gtm-oauth2 (1.0.126):
    - gtm-http-fetcher (~> 1.0.141)
  - OCMock (3.2)
  - PromiseKit/Hang (1.6.0):
    - PromiseKit/Promise
  - PromiseKit/Promise (1.6.0)

DEPENDENCIES:
  - DynamicSpriteSheet (from `https://github.com/ardell/DynamicSpriteSheet.git`)
  - Google-API-Client/Drive (~> 1.0)
  - OCMock
  - PromiseKit/Hang (~> 1.6)
  - PromiseKit/Promise (~> 1.6)

EXTERNAL SOURCES:
  DynamicSpriteSheet:
    :git: https://github.com/ardell/DynamicSpriteSheet.git

CHECKOUT OPTIONS:
  DynamicSpriteSheet:
    :commit: 88bf0f138c02d862de1ef19a5523bfb948a7d648
    :git: https://github.com/ardell/DynamicSpriteSheet.git

SPEC CHECKSUMS:
  DynamicSpriteSheet: 248cf456d19339c8cdb6bd4e1c34c71d4079f458
  Google-API-Client: cb712cf122f1d7fda966de4c2bc551324573366c
  gtm-http-fetcher: 6d4617e7d343b6e4c082b777541c334eb6f5d81e
  gtm-oauth2: 2a18b824e4f8a02df6cfe987beb59ae9d9697f9d
  OCMock: 28def049ef47f996b515a8eeea958be7ccab2dbb
  PromiseKit: 6be651503d4af22830b5313be993c5a0ef77bf77

COCOAPODS: 0.38.2
